// !$*UTF8*$!
{
	archiveVersion = 1;
	classes = {
	};
	objectVersion = 50;
	objects = {

/* Begin PBXBuildFile section */
		C4792E9A2519053E00A7ACDD /* AppDelegate.swift in Sources */ = {isa = PBXBuildFile; fileRef = C4792E992519053E00A7ACDD /* AppDelegate.swift */; };
		C4792E9C2519053E00A7ACDD /* SceneDelegate.swift in Sources */ = {isa = PBXBuildFile; fileRef = C4792E9B2519053E00A7ACDD /* SceneDelegate.swift */; };
		C4792E9E2519053E00A7ACDD /* ContentView.swift in Sources */ = {isa = PBXBuildFile; fileRef = C4792E9D2519053E00A7ACDD /* ContentView.swift */; };
		C4792EA02519053F00A7ACDD /* Assets.xcassets in Resources */ = {isa = PBXBuildFile; fileRef = C4792E9F2519053F00A7ACDD /* Assets.xcassets */; };
		C4792EA32519053F00A7ACDD /* Preview Assets.xcassets in Resources */ = {isa = PBXBuildFile; fileRef = C4792EA22519053F00A7ACDD /* Preview Assets.xcassets */; };
		C4792EA62519053F00A7ACDD /* LaunchScreen.storyboard in Resources */ = {isa = PBXBuildFile; fileRef = C4792EA42519053F00A7ACDD /* LaunchScreen.storyboard */; };
		C4792EAF2519057200A7ACDD /* Card.swift in Sources */ = {isa = PBXBuildFile; fileRef = C4792EAE2519057200A7ACDD /* Card.swift */; };
		C4792EB1251906AF00A7ACDD /* Deck.swift in Sources */ = {isa = PBXBuildFile; fileRef = C4792EB0251906AF00A7ACDD /* Deck.swift */; };
		C4792EB42519E77400A7ACDD /* ColorManager.swift in Sources */ = {isa = PBXBuildFile; fileRef = C4792EB32519E77400A7ACDD /* ColorManager.swift */; };
		C4792EB8251A130B00A7ACDD /* CardView.swift in Sources */ = {isa = PBXBuildFile; fileRef = C4792EB7251A130B00A7ACDD /* CardView.swift */; };
		C4792EBA251A348800A7ACDD /* Player.swift in Sources */ = {isa = PBXBuildFile; fileRef = C4792EB9251A348800A7ACDD /* Player.swift */; };
		C4792EBC251A5F4C00A7ACDD /* PlayerView.swift in Sources */ = {isa = PBXBuildFile; fileRef = C4792EBB251A5F4C00A7ACDD /* PlayerView.swift */; };
		C4792EBE251B1D0400A7ACDD /* BoardManager.swift in Sources */ = {isa = PBXBuildFile; fileRef = C4792EBD251B1D0400A7ACDD /* BoardManager.swift */; };
		C4792EC0251B2DBA00A7ACDD /* Chip.swift in Sources */ = {isa = PBXBuildFile; fileRef = C4792EBF251B2DBA00A7ACDD /* Chip.swift */; };
		C4792EC2251B2FA400A7ACDD /* Stack.swift in Sources */ = {isa = PBXBuildFile; fileRef = C4792EC1251B2FA400A7ACDD /* Stack.swift */; };
		C4792EC6251B82D700A7ACDD /* PokerTableView.swift in Sources */ = {isa = PBXBuildFile; fileRef = C4792EC5251B82D700A7ACDD /* PokerTableView.swift */; };
		C4792EC8251B84BB00A7ACDD /* GameManager.swift in Sources */ = {isa = PBXBuildFile; fileRef = C4792EC7251B84BB00A7ACDD /* GameManager.swift */; };
/* End PBXBuildFile section */

/* Begin PBXFileReference section */
		C4792E962519053E00A7ACDD /* Poker Night 4.0.app */ = {isa = PBXFileReference; explicitFileType = wrapper.application; includeInIndex = 0; path = "Poker Night 4.0.app"; sourceTree = BUILT_PRODUCTS_DIR; };
		C4792E992519053E00A7ACDD /* AppDelegate.swift */ = {isa = PBXFileReference; lastKnownFileType = sourcecode.swift; path = AppDelegate.swift; sourceTree = "<group>"; };
		C4792E9B2519053E00A7ACDD /* SceneDelegate.swift */ = {isa = PBXFileReference; lastKnownFileType = sourcecode.swift; path = SceneDelegate.swift; sourceTree = "<group>"; };
		C4792E9D2519053E00A7ACDD /* ContentView.swift */ = {isa = PBXFileReference; lastKnownFileType = sourcecode.swift; path = ContentView.swift; sourceTree = "<group>"; };
		C4792E9F2519053F00A7ACDD /* Assets.xcassets */ = {isa = PBXFileReference; lastKnownFileType = folder.assetcatalog; path = Assets.xcassets; sourceTree = "<group>"; };
		C4792EA22519053F00A7ACDD /* Preview Assets.xcassets */ = {isa = PBXFileReference; lastKnownFileType = folder.assetcatalog; path = "Preview Assets.xcassets"; sourceTree = "<group>"; };
		C4792EA52519053F00A7ACDD /* Base */ = {isa = PBXFileReference; lastKnownFileType = file.storyboard; name = Base; path = Base.lproj/LaunchScreen.storyboard; sourceTree = "<group>"; };
		C4792EA72519053F00A7ACDD /* Info.plist */ = {isa = PBXFileReference; lastKnownFileType = text.plist.xml; path = Info.plist; sourceTree = "<group>"; };
		C4792EAE2519057200A7ACDD /* Card.swift */ = {isa = PBXFileReference; lastKnownFileType = sourcecode.swift; path = Card.swift; sourceTree = "<group>"; };
		C4792EB0251906AF00A7ACDD /* Deck.swift */ = {isa = PBXFileReference; lastKnownFileType = sourcecode.swift; path = Deck.swift; sourceTree = "<group>"; };
		C4792EB32519E77400A7ACDD /* ColorManager.swift */ = {isa = PBXFileReference; lastKnownFileType = sourcecode.swift; path = ColorManager.swift; sourceTree = "<group>"; };
		C4792EB7251A130B00A7ACDD /* CardView.swift */ = {isa = PBXFileReference; lastKnownFileType = sourcecode.swift; path = CardView.swift; sourceTree = "<group>"; };
		C4792EB9251A348800A7ACDD /* Player.swift */ = {isa = PBXFileReference; lastKnownFileType = sourcecode.swift; path = Player.swift; sourceTree = "<group>"; };
		C4792EBB251A5F4C00A7ACDD /* PlayerView.swift */ = {isa = PBXFileReference; lastKnownFileType = sourcecode.swift; path = PlayerView.swift; sourceTree = "<group>"; };
		C4792EBD251B1D0400A7ACDD /* BoardManager.swift */ = {isa = PBXFileReference; lastKnownFileType = sourcecode.swift; path = BoardManager.swift; sourceTree = "<group>"; };
		C4792EBF251B2DBA00A7ACDD /* Chip.swift */ = {isa = PBXFileReference; lastKnownFileType = sourcecode.swift; path = Chip.swift; sourceTree = "<group>"; };
		C4792EC1251B2FA400A7ACDD /* Stack.swift */ = {isa = PBXFileReference; lastKnownFileType = sourcecode.swift; path = Stack.swift; sourceTree = "<group>"; };
		C4792EC5251B82D700A7ACDD /* PokerTableView.swift */ = {isa = PBXFileReference; lastKnownFileType = sourcecode.swift; path = PokerTableView.swift; sourceTree = "<group>"; };
		C4792EC7251B84BB00A7ACDD /* GameManager.swift */ = {isa = PBXFileReference; lastKnownFileType = sourcecode.swift; path = GameManager.swift; sourceTree = "<group>"; };
/* End PBXFileReference section */

/* Begin PBXFrameworksBuildPhase section */
		C4792E932519053E00A7ACDD /* Frameworks */ = {
			isa = PBXFrameworksBuildPhase;
			buildActionMask = 2147483647;
			files = (
			);
			runOnlyForDeploymentPostprocessing = 0;
		};
/* End PBXFrameworksBuildPhase section */

/* Begin PBXGroup section */
		C4792E8D2519053E00A7ACDD = {
			isa = PBXGroup;
			children = (
				C4792E982519053E00A7ACDD /* Poker Night 4.0 */,
				C4792E972519053E00A7ACDD /* Products */,
			);
			sourceTree = "<group>";
		};
		C4792E972519053E00A7ACDD /* Products */ = {
			isa = PBXGroup;
			children = (
				C4792E962519053E00A7ACDD /* Poker Night 4.0.app */,
			);
			name = Products;
			sourceTree = "<group>";
		};
		C4792E982519053E00A7ACDD /* Poker Night 4.0 */ = {
			isa = PBXGroup;
			children = (
				C4792EB5251A12F800A7ACDD /* Views */,
				C4792EAD2519055400A7ACDD /* Entities */,
				C4792EB22519E76300A7ACDD /* Utilities */,
				C4792E992519053E00A7ACDD /* AppDelegate.swift */,
				C4792E9B2519053E00A7ACDD /* SceneDelegate.swift */,
				C4792E9D2519053E00A7ACDD /* ContentView.swift */,
				C4792E9F2519053F00A7ACDD /* Assets.xcassets */,
				C4792EA42519053F00A7ACDD /* LaunchScreen.storyboard */,
				C4792EA72519053F00A7ACDD /* Info.plist */,
				C4792EA12519053F00A7ACDD /* Preview Content */,
			);
			path = "Poker Night 4.0";
			sourceTree = "<group>";
		};
		C4792EA12519053F00A7ACDD /* Preview Content */ = {
			isa = PBXGroup;
			children = (
				C4792EA22519053F00A7ACDD /* Preview Assets.xcassets */,
			);
			path = "Preview Content";
			sourceTree = "<group>";
		};
		C4792EAD2519055400A7ACDD /* Entities */ = {
			isa = PBXGroup;
			children = (
				C4792EAE2519057200A7ACDD /* Card.swift */,
				C4792EB0251906AF00A7ACDD /* Deck.swift */,
				C4792EB9251A348800A7ACDD /* Player.swift */,
				C4792EBD251B1D0400A7ACDD /* BoardManager.swift */,
				C4792EBF251B2DBA00A7ACDD /* Chip.swift */,
				C4792EC1251B2FA400A7ACDD /* Stack.swift */,
				C4792EC7251B84BB00A7ACDD /* GameManager.swift */,
			);
			path = Entities;
			sourceTree = "<group>";
		};
		C4792EB22519E76300A7ACDD /* Utilities */ = {
			isa = PBXGroup;
			children = (
				C4792EB32519E77400A7ACDD /* ColorManager.swift */,
			);
			path = Utilities;
			sourceTree = "<group>";
		};
		C4792EB5251A12F800A7ACDD /* Views */ = {
			isa = PBXGroup;
			children = (
				C4792EC5251B82D700A7ACDD /* PokerTableView.swift */,
				C4792EB6251A12FD00A7ACDD /* Entity Views */,
			);
			path = Views;
			sourceTree = "<group>";
		};
		C4792EB6251A12FD00A7ACDD /* Entity Views */ = {
			isa = PBXGroup;
			children = (
				C4792EB7251A130B00A7ACDD /* CardView.swift */,
				C4792EBB251A5F4C00A7ACDD /* PlayerView.swift */,
			);
			path = "Entity Views";
			sourceTree = "<group>";
		};
/* End PBXGroup section */

/* Begin PBXNativeTarget section */
		C4792E952519053E00A7ACDD /* Poker Night 4.0 */ = {
			isa = PBXNativeTarget;
			buildConfigurationList = C4792EAA2519053F00A7ACDD /* Build configuration list for PBXNativeTarget "Poker Night 4.0" */;
			buildPhases = (
				C4792E922519053E00A7ACDD /* Sources */,
				C4792E932519053E00A7ACDD /* Frameworks */,
				C4792E942519053E00A7ACDD /* Resources */,
			);
			buildRules = (
			);
			dependencies = (
			);
			name = "Poker Night 4.0";
			productName = "Poker Night 4.0";
			productReference = C4792E962519053E00A7ACDD /* Poker Night 4.0.app */;
			productType = "com.apple.product-type.application";
		};
/* End PBXNativeTarget section */

/* Begin PBXProject section */
		C4792E8E2519053E00A7ACDD /* Project object */ = {
			isa = PBXProject;
			attributes = {
				LastSwiftUpdateCheck = 1170;
				LastUpgradeCheck = 1170;
				ORGANIZATIONNAME = "Daniel Pressner";
				TargetAttributes = {
					C4792E952519053E00A7ACDD = {
						CreatedOnToolsVersion = 11.7;
					};
				};
			};
			buildConfigurationList = C4792E912519053E00A7ACDD /* Build configuration list for PBXProject "Poker Night 4.0" */;
			compatibilityVersion = "Xcode 9.3";
			developmentRegion = en;
			hasScannedForEncodings = 0;
			knownRegions = (
				en,
				Base,
			);
			mainGroup = C4792E8D2519053E00A7ACDD;
			productRefGroup = C4792E972519053E00A7ACDD /* Products */;
			projectDirPath = "";
			projectRoot = "";
			targets = (
				C4792E952519053E00A7ACDD /* Poker Night 4.0 */,
			);
		};
/* End PBXProject section */

/* Begin PBXResourcesBuildPhase section */
		C4792E942519053E00A7ACDD /* Resources */ = {
			isa = PBXResourcesBuildPhase;
			buildActionMask = 2147483647;
			files = (
				C4792EA62519053F00A7ACDD /* LaunchScreen.storyboard in Resources */,
				C4792EA32519053F00A7ACDD /* Preview Assets.xcassets in Resources */,
				C4792EA02519053F00A7ACDD /* Assets.xcassets in Resources */,
			);
			runOnlyForDeploymentPostprocessing = 0;
		};
/* End PBXResourcesBuildPhase section */

/* Begin PBXSourcesBuildPhase section */
		C4792E922519053E00A7ACDD /* Sources */ = {
			isa = PBXSourcesBuildPhase;
			buildActionMask = 2147483647;
			files = (
				C4792EBC251A5F4C00A7ACDD /* PlayerView.swift in Sources */,
				C4792EC0251B2DBA00A7ACDD /* Chip.swift in Sources */,
				C4792EB8251A130B00A7ACDD /* CardView.swift in Sources */,
				C4792EC8251B84BB00A7ACDD /* GameManager.swift in Sources */,
				C4792EC6251B82D700A7ACDD /* PokerTableView.swift in Sources */,
				C4792EBE251B1D0400A7ACDD /* BoardManager.swift in Sources */,
				C4792EC2251B2FA400A7ACDD /* Stack.swift in Sources */,
				C4792E9A2519053E00A7ACDD /* AppDelegate.swift in Sources */,
				C4792E9C2519053E00A7ACDD /* SceneDelegate.swift in Sources */,
				C4792EB1251906AF00A7ACDD /* Deck.swift in Sources */,
				C4792EBA251A348800A7ACDD /* Player.swift in Sources */,
				C4792EB42519E77400A7ACDD /* ColorManager.swift in Sources */,
				C4792E9E2519053E00A7ACDD /* ContentView.swift in Sources */,
				C4792EAF2519057200A7ACDD /* Card.swift in Sources */,
			);
			runOnlyForDeploymentPostprocessing = 0;
		};
/* End PBXSourcesBuildPhase section */

/* Begin PBXVariantGroup section */
		C4792EA42519053F00A7ACDD /* LaunchScreen.storyboard */ = {
			isa = PBXVariantGroup;
			children = (
				C4792EA52519053F00A7ACDD /* Base */,
			);
			name = LaunchScreen.storyboard;
			sourceTree = "<group>";
		};
/* End PBXVariantGroup section */

/* Begin XCBuildConfiguration section */
		C4792EA82519053F00A7ACDD /* Debug */ = {
			isa = XCBuildConfiguration;
			buildSettings = {
				ALWAYS_SEARCH_USER_PATHS = NO;
				CLANG_ANALYZER_NONNULL = YES;
				CLANG_ANALYZER_NUMBER_OBJECT_CONVERSION = YES_AGGRESSIVE;
				CLANG_CXX_LANGUAGE_STANDARD = "gnu++14";
				CLANG_CXX_LIBRARY = "libc++";
				CLANG_ENABLE_MODULES = YES;
				CLANG_ENABLE_OBJC_ARC = YES;
				CLANG_ENABLE_OBJC_WEAK = YES;
				CLANG_WARN_BLOCK_CAPTURE_AUTORELEASING = YES;
				CLANG_WARN_BOOL_CONVERSION = YES;
				CLANG_WARN_COMMA = YES;
				CLANG_WARN_CONSTANT_CONVERSION = YES;
				CLANG_WARN_DEPRECATED_OBJC_IMPLEMENTATIONS = YES;
				CLANG_WARN_DIRECT_OBJC_ISA_USAGE = YES_ERROR;
				CLANG_WARN_DOCUMENTATION_COMMENTS = YES;
				CLANG_WARN_EMPTY_BODY = YES;
				CLANG_WARN_ENUM_CONVERSION = YES;
				CLANG_WARN_INFINITE_RECURSION = YES;
				CLANG_WARN_INT_CONVERSION = YES;
				CLANG_WARN_NON_LITERAL_NULL_CONVERSION = YES;
				CLANG_WARN_OBJC_IMPLICIT_RETAIN_SELF = YES;
				CLANG_WARN_OBJC_LITERAL_CONVERSION = YES;
				CLANG_WARN_OBJC_ROOT_CLASS = YES_ERROR;
				CLANG_WARN_RANGE_LOOP_ANALYSIS = YES;
				CLANG_WARN_STRICT_PROTOTYPES = YES;
				CLANG_WARN_SUSPICIOUS_MOVE = YES;
				CLANG_WARN_UNGUARDED_AVAILABILITY = YES_AGGRESSIVE;
				CLANG_WARN_UNREACHABLE_CODE = YES;
				CLANG_WARN__DUPLICATE_METHOD_MATCH = YES;
				COPY_PHASE_STRIP = NO;
				DEBUG_INFORMATION_FORMAT = dwarf;
				ENABLE_STRICT_OBJC_MSGSEND = YES;
				ENABLE_TESTABILITY = YES;
				GCC_C_LANGUAGE_STANDARD = gnu11;
				GCC_DYNAMIC_NO_PIC = NO;
				GCC_NO_COMMON_BLOCKS = YES;
				GCC_OPTIMIZATION_LEVEL = 0;
				GCC_PREPROCESSOR_DEFINITIONS = (
					"DEBUG=1",
					"$(inherited)",
				);
				GCC_WARN_64_TO_32_BIT_CONVERSION = YES;
				GCC_WARN_ABOUT_RETURN_TYPE = YES_ERROR;
				GCC_WARN_UNDECLARED_SELECTOR = YES;
				GCC_WARN_UNINITIALIZED_AUTOS = YES_AGGRESSIVE;
				GCC_WARN_UNUSED_FUNCTION = YES;
				GCC_WARN_UNUSED_VARIABLE = YES;
				IPHONEOS_DEPLOYMENT_TARGET = 13.7;
				MTL_ENABLE_DEBUG_INFO = INCLUDE_SOURCE;
				MTL_FAST_MATH = YES;
				ONLY_ACTIVE_ARCH = YES;
				SDKROOT = iphoneos;
				SWIFT_ACTIVE_COMPILATION_CONDITIONS = DEBUG;
				SWIFT_OPTIMIZATION_LEVEL = "-Onone";
			};
			name = Debug;
		};
		C4792EA92519053F00A7ACDD /* Release */ = {
			isa = XCBuildConfiguration;
			buildSettings = {
				ALWAYS_SEARCH_USER_PATHS = NO;
				CLANG_ANALYZER_NONNULL = YES;
				CLANG_ANALYZER_NUMBER_OBJECT_CONVERSION = YES_AGGRESSIVE;
				CLANG_CXX_LANGUAGE_STANDARD = "gnu++14";
				CLANG_CXX_LIBRARY = "libc++";
				CLANG_ENABLE_MODULES = YES;
				CLANG_ENABLE_OBJC_ARC = YES;
				CLANG_ENABLE_OBJC_WEAK = YES;
				CLANG_WARN_BLOCK_CAPTURE_AUTORELEASING = YES;
				CLANG_WARN_BOOL_CONVERSION = YES;
				CLANG_WARN_COMMA = YES;
				CLANG_WARN_CONSTANT_CONVERSION = YES;
				CLANG_WARN_DEPRECATED_OBJC_IMPLEMENTATIONS = YES;
				CLANG_WARN_DIRECT_OBJC_ISA_USAGE = YES_ERROR;
				CLANG_WARN_DOCUMENTATION_COMMENTS = YES;
				CLANG_WARN_EMPTY_BODY = YES;
				CLANG_WARN_ENUM_CONVERSION = YES;
				CLANG_WARN_INFINITE_RECURSION = YES;
				CLANG_WARN_INT_CONVERSION = YES;
				CLANG_WARN_NON_LITERAL_NULL_CONVERSION = YES;
				CLANG_WARN_OBJC_IMPLICIT_RETAIN_SELF = YES;
				CLANG_WARN_OBJC_LITERAL_CONVERSION = YES;
				CLANG_WARN_OBJC_ROOT_CLASS = YES_ERROR;
				CLANG_WARN_RANGE_LOOP_ANALYSIS = YES;
				CLANG_WARN_STRICT_PROTOTYPES = YES;
				CLANG_WARN_SUSPICIOUS_MOVE = YES;
				CLANG_WARN_UNGUARDED_AVAILABILITY = YES_AGGRESSIVE;
				CLANG_WARN_UNREACHABLE_CODE = YES;
				CLANG_WARN__DUPLICATE_METHOD_MATCH = YES;
				COPY_PHASE_STRIP = NO;
				DEBUG_INFORMATION_FORMAT = "dwarf-with-dsym";
				ENABLE_NS_ASSERTIONS = NO;
				ENABLE_STRICT_OBJC_MSGSEND = YES;
				GCC_C_LANGUAGE_STANDARD = gnu11;
				GCC_NO_COMMON_BLOCKS = YES;
				GCC_WARN_64_TO_32_BIT_CONVERSION = YES;
				GCC_WARN_ABOUT_RETURN_TYPE = YES_ERROR;
				GCC_WARN_UNDECLARED_SELECTOR = YES;
				GCC_WARN_UNINITIALIZED_AUTOS = YES_AGGRESSIVE;
				GCC_WARN_UNUSED_FUNCTION = YES;
				GCC_WARN_UNUSED_VARIABLE = YES;
				IPHONEOS_DEPLOYMENT_TARGET = 13.7;
				MTL_ENABLE_DEBUG_INFO = NO;
				MTL_FAST_MATH = YES;
				SDKROOT = iphoneos;
				SWIFT_COMPILATION_MODE = wholemodule;
				SWIFT_OPTIMIZATION_LEVEL = "-O";
				VALIDATE_PRODUCT = YES;
			};
			name = Release;
		};
		C4792EAB2519053F00A7ACDD /* Debug */ = {
			isa = XCBuildConfiguration;
			buildSettings = {
				ASSETCATALOG_COMPILER_APPICON_NAME = AppIcon;
				CODE_SIGN_STYLE = Automatic;
				DEVELOPMENT_ASSET_PATHS = "\"Poker Night 4.0/Preview Content\"";
				DEVELOPMENT_TEAM = BM85JN4AU8;
				ENABLE_PREVIEWS = YES;
				INFOPLIST_FILE = "Poker Night 4.0/Info.plist";
				LD_RUNPATH_SEARCH_PATHS = (
					"$(inherited)",
					"@executable_path/Frameworks",
				);
				PRODUCT_BUNDLE_IDENTIFIER = "dp.Poker-Night-4-0";
				PRODUCT_NAME = "$(TARGET_NAME)";
				SWIFT_VERSION = 5.0;
				TARGETED_DEVICE_FAMILY = "1,2";
			};
			name = Debug;
		};
		C4792EAC2519053F00A7ACDD /* Release */ = {
			isa = XCBuildConfiguration;
			buildSettings = {
				ASSETCATALOG_COMPILER_APPICON_NAME = AppIcon;
				CODE_SIGN_STYLE = Automatic;
				DEVELOPMENT_ASSET_PATHS = "\"Poker Night 4.0/Preview Content\"";
				DEVELOPMENT_TEAM = BM85JN4AU8;
				ENABLE_PREVIEWS = YES;
				INFOPLIST_FILE = "Poker Night 4.0/Info.plist";
				LD_RUNPATH_SEARCH_PATHS = (
					"$(inherited)",
					"@executable_path/Frameworks",
				);
				PRODUCT_BUNDLE_IDENTIFIER = "dp.Poker-Night-4-0";
				PRODUCT_NAME = "$(TARGET_NAME)";
				SWIFT_VERSION = 5.0;
				TARGETED_DEVICE_FAMILY = "1,2";
			};
			name = Release;
		};
/* End XCBuildConfiguration section */

/* Begin XCConfigurationList section */
		C4792E912519053E00A7ACDD /* Build configuration list for PBXProject "Poker Night 4.0" */ = {
			isa = XCConfigurationList;
			buildConfigurations = (
				C4792EA82519053F00A7ACDD /* Debug */,
				C4792EA92519053F00A7ACDD /* Release */,
			);
			defaultConfigurationIsVisible = 0;
			defaultConfigurationName = Release;
		};
		C4792EAA2519053F00A7ACDD /* Build configuration list for PBXNativeTarget "Poker Night 4.0" */ = {
			isa = XCConfigurationList;
			buildConfigurations = (
				C4792EAB2519053F00A7ACDD /* Debug */,
				C4792EAC2519053F00A7ACDD /* Release */,
			);
			defaultConfigurationIsVisible = 0;
			defaultConfigurationName = Release;
		};
/* End XCConfigurationList section */
	};
	rootObject = C4792E8E2519053E00A7ACDD /* Project object */;
}
